
Microsoft Visual Studio Solution File, Format Version 12.00
# Visual Studio Version 17
VisualStudioVersion = 17.10.35122.118
MinimumVisualStudioVersion = 10.0.40219.1
Project("{FAE04EC0-301F-11D3-BF4B-00C04F79EFBC}") = "CSIROInterviewApp", "CSIROInterviewApp\CSIROInterviewApp.csproj", "{0A10C927-DE6D-4FB6-907B-6F58647839CB}"
EndProject
Global
	GlobalSection(SolutionConfigurationPlatforms) = preSolution
		Debug|Any CPU = Debug|Any CPU
		Release|Any CPU = Release|Any CPU
	EndGlobalSection
	GlobalSection(ProjectConfigurationPlatforms) = postSolution
		{0A10C927-DE6D-4FB6-907B-6F58647839CB}.Debug|Any CPU.ActiveCfg = Debug|Any CPU
		{0A10C927-DE6D-4FB6-907B-6F58647839CB}.Debug|Any CPU.Build.0 = Debug|Any CPU
		{0A10C927-DE6D-4FB6-907B-6F58647839CB}.Release|Any CPU.ActiveCfg = Release|Any CPU
		{0A10C927-DE6D-4FB6-907B-6F58647839CB}.Release|Any CPU.Build.0 = Release|Any CPU
	EndGlobalSection
	GlobalSection(SolutionProperties) = preSolution
		HideSolutionNode = FALSE
	EndGlobalSection
	GlobalSection(ExtensibilityGlobals) = postSolution
		SolutionGuid = {CEAD3229-98ED-4AD6-8C68-0763DD41FB7A}
	EndGlobalSection
EndGlobal
